
Microsoft Visual Studio Solution File, Format Version 12.00
# Visual Studio Version 17
VisualStudioVersion = 17.5.002.0
MinimumVisualStudioVersion = 10.0.40219.1
Project("{9A19103F-16F7-4668-BE54-9A1E7A4F7556}") = "Exo.WebApi", "Exo.WebApi.csproj", "{16BBC8A5-D07C-44AC-9B01-7F8DE76AF885}"
EndProject
Global
	GlobalSection(SolutionConfigurationPlatforms) = preSolution
		Debug|Any CPU = Debug|Any CPU
		Release|Any CPU = Release|Any CPU
	EndGlobalSection
	GlobalSection(ProjectConfigurationPlatforms) = postSolution
		{16BBC8A5-D07C-44AC-9B01-7F8DE76AF885}.Debug|Any CPU.ActiveCfg = Debug|Any CPU
		{16BBC8A5-D07C-44AC-9B01-7F8DE76AF885}.Debug|Any CPU.Build.0 = Debug|Any CPU
		{16BBC8A5-D07C-44AC-9B01-7F8DE76AF885}.Release|Any CPU.ActiveCfg = Release|Any CPU
		{16BBC8A5-D07C-44AC-9B01-7F8DE76AF885}.Release|Any CPU.Build.0 = Release|Any CPU
	EndGlobalSection
	GlobalSection(SolutionProperties) = preSolution
		HideSolutionNode = FALSE
	EndGlobalSection
	GlobalSection(ExtensibilityGlobals) = postSolution
		SolutionGuid = {22F40C89-9B62-4E6C-9A24-C28D48BF331F}
	EndGlobalSection
EndGlobal
